
Microsoft Visual Studio Solution File, Format Version 12.00
# Visual Studio 15
VisualStudioVersion = 15.0.28307.572
MinimumVisualStudioVersion = 10.0.40219.1
Project("{2150E333-8FDC-42A3-9474-1A3956D46DE8}") = "01-RabbitmqExchangesTypes", "01-RabbitmqExchangesTypes", "{9A5F1354-5014-45A9-B36C-46213083940F}"
EndProject
Project("{FAE04EC0-301F-11D3-BF4B-00C04F79EFBC}") = "DirectConsumer", "DirectConsumer\DirectConsumer.csproj", "{524F66CA-76DE-4483-8618-B337C3369269}"
EndProject
Project("{FAE04EC0-301F-11D3-BF4B-00C04F79EFBC}") = "FanoutPublisher", "FanoutPublisher\FanoutPublisher.csproj", "{17F1AF3D-E657-43F4-96BE-2E68202FFDCA}"
EndProject
Project("{FAE04EC0-301F-11D3-BF4B-00C04F79EFBC}") = "FanoutConsumer1", "FanoutConsumer1\FanoutConsumer1.csproj", "{CEDCFAC8-B07B-4618-9DA6-85C4B587A40F}"
EndProject
Project("{FAE04EC0-301F-11D3-BF4B-00C04F79EFBC}") = "FanoutConsumer2", "FanoutConsumer2\FanoutConsumer2.csproj", "{99095E64-FF9C-4EA5-BB32-CF2ED2A82D78}"
EndProject
Project("{2150E333-8FDC-42A3-9474-1A3956D46DE8}") = "Direct", "Direct", "{7D2ECB8A-2552-4054-8AD0-035F16BD8D00}"
EndProject
Project("{2150E333-8FDC-42A3-9474-1A3956D46DE8}") = "Fanout", "Fanout", "{CC6198D4-810C-44CC-BF34-0F13712C9C4A}"
EndProject
Project("{2150E333-8FDC-42A3-9474-1A3956D46DE8}") = "Topic", "Topic", "{BF814D42-C33C-4C27-83C3-92948379247D}"
EndProject
Project("{2150E333-8FDC-42A3-9474-1A3956D46DE8}") = "Header", "Header", "{923C5AEB-329C-40AE-855E-7338FC12034C}"
EndProject
Project("{FAE04EC0-301F-11D3-BF4B-00C04F79EFBC}") = "TopicPublisher", "TopicPublisher\TopicPublisher.csproj", "{160ACDF8-A0C6-4BA5-8A72-CD198FF2C1B8}"
EndProject
Project("{FAE04EC0-301F-11D3-BF4B-00C04F79EFBC}") = "TopicConsumer1", "TopicConsumer1\TopicConsumer1.csproj", "{7C414A3C-D685-4A07-BF87-68B0D9CDE73B}"
EndProject
Project("{FAE04EC0-301F-11D3-BF4B-00C04F79EFBC}") = "TopicConsumer2", "TopicConsumer2\TopicConsumer2.csproj", "{64050E3E-21A2-43B5-AD24-6CC6E5C33482}"
EndProject
Project("{FAE04EC0-301F-11D3-BF4B-00C04F79EFBC}") = "TopicConsumer3", "TopicConsumer3\TopicConsumer3.csproj", "{64A67A99-772A-44E9-8FD1-29C5F4C6937C}"
EndProject
Project("{FAE04EC0-301F-11D3-BF4B-00C04F79EFBC}") = "DirectPublisher", "DirectPublisher\DirectPublisher.csproj", "{0744F4B6-0C1E-4E6F-ABBC-55DFD5FD0D91}"
EndProject
Project("{2150E333-8FDC-42A3-9474-1A3956D46DE8}") = "02-ScheduleRabbitmq(TTLDLX)", "02-ScheduleRabbitmq(TTLDLX)", "{A39A0060-B6D1-40FE-87C0-45B7094D9018}"
EndProject
Project("{FAE04EC0-301F-11D3-BF4B-00C04F79EFBC}") = "Publisher", "Publisher\Publisher.csproj", "{EA0C4B80-2069-4EF6-A80C-6C6B4B24A914}"
EndProject
Project("{FAE04EC0-301F-11D3-BF4B-00C04F79EFBC}") = "ScheduleConsumer", "ScheduleConsumer\ScheduleConsumer.csproj", "{1CC49331-A213-4CBC-A0BA-F6B42DB441B1}"
EndProject
Project("{2150E333-8FDC-42A3-9474-1A3956D46DE8}") = "04-RabbitmqToRPC", "04-RabbitmqToRPC", "{20E2BAC9-8D60-49FE-8B37-E333DFB722BD}"
EndProject
Project("{FAE04EC0-301F-11D3-BF4B-00C04F79EFBC}") = "RPCServer", "RPCServer\RPCServer.csproj", "{336D358F-A647-4DEC-93AC-1D9791FEFD81}"
EndProject
Project("{FAE04EC0-301F-11D3-BF4B-00C04F79EFBC}") = "RPCClient", "RPCClient\RPCClient.csproj", "{5DA5C590-D175-449E-BF0D-64A1662BDED5}"
EndProject
Project("{2150E333-8FDC-42A3-9474-1A3956D46DE8}") = "03-PublisherMeassageConfirm", "03-PublisherMeassageConfirm", "{50B0F5A4-D441-4613-9757-69FD0EC63FA3}"
EndProject
Project("{2150E333-8FDC-42A3-9474-1A3956D46DE8}") = "Transaction(1toMoreAndAsyc)", "Transaction(1toMoreAndAsyc)", "{25E894A6-AA90-40A9-8CB4-C285D4124E9E}"
EndProject
Project("{2150E333-8FDC-42A3-9474-1A3956D46DE8}") = "Confirm(1to1)", "Confirm(1to1)", "{4848C8C3-31C3-43D4-8BDB-9D15EC294CBA}"
EndProject
Project("{FAE04EC0-301F-11D3-BF4B-00C04F79EFBC}") = "ConfirmPublisher", "ConfirmPublisher\ConfirmPublisher.csproj", "{3B3F8677-B30C-4EF6-80E7-D34CD12A7209}"
EndProject
Project("{FAE04EC0-301F-11D3-BF4B-00C04F79EFBC}") = "TransactionPublisher", "TransactionPublisher\TransactionPublisher.csproj", "{E5CA2AD5-7692-4C47-A2F3-73865CBD7A36}"
EndProject
Global
	GlobalSection(SolutionConfigurationPlatforms) = preSolution
		Debug|Any CPU = Debug|Any CPU
		Release|Any CPU = Release|Any CPU
	EndGlobalSection
	GlobalSection(ProjectConfigurationPlatforms) = postSolution
		{524F66CA-76DE-4483-8618-B337C3369269}.Debug|Any CPU.ActiveCfg = Debug|Any CPU
		{524F66CA-76DE-4483-8618-B337C3369269}.Debug|Any CPU.Build.0 = Debug|Any CPU
		{524F66CA-76DE-4483-8618-B337C3369269}.Release|Any CPU.ActiveCfg = Release|Any CPU
		{524F66CA-76DE-4483-8618-B337C3369269}.Release|Any CPU.Build.0 = Release|Any CPU
		{17F1AF3D-E657-43F4-96BE-2E68202FFDCA}.Debug|Any CPU.ActiveCfg = Debug|Any CPU
		{17F1AF3D-E657-43F4-96BE-2E68202FFDCA}.Debug|Any CPU.Build.0 = Debug|Any CPU
		{17F1AF3D-E657-43F4-96BE-2E68202FFDCA}.Release|Any CPU.ActiveCfg = Release|Any CPU
		{17F1AF3D-E657-43F4-96BE-2E68202FFDCA}.Release|Any CPU.Build.0 = Release|Any CPU
		{CEDCFAC8-B07B-4618-9DA6-85C4B587A40F}.Debug|Any CPU.ActiveCfg = Debug|Any CPU
		{CEDCFAC8-B07B-4618-9DA6-85C4B587A40F}.Debug|Any CPU.Build.0 = Debug|Any CPU
		{CEDCFAC8-B07B-4618-9DA6-85C4B587A40F}.Release|Any CPU.ActiveCfg = Release|Any CPU
		{CEDCFAC8-B07B-4618-9DA6-85C4B587A40F}.Release|Any CPU.Build.0 = Release|Any CPU
		{99095E64-FF9C-4EA5-BB32-CF2ED2A82D78}.Debug|Any CPU.ActiveCfg = Debug|Any CPU
		{99095E64-FF9C-4EA5-BB32-CF2ED2A82D78}.Debug|Any CPU.Build.0 = Debug|Any CPU
		{99095E64-FF9C-4EA5-BB32-CF2ED2A82D78}.Release|Any CPU.ActiveCfg = Release|Any CPU
		{99095E64-FF9C-4EA5-BB32-CF2ED2A82D78}.Release|Any CPU.Build.0 = Release|Any CPU
		{160ACDF8-A0C6-4BA5-8A72-CD198FF2C1B8}.Debug|Any CPU.ActiveCfg = Debug|Any CPU
		{160ACDF8-A0C6-4BA5-8A72-CD198FF2C1B8}.Debug|Any CPU.Build.0 = Debug|Any CPU
		{160ACDF8-A0C6-4BA5-8A72-CD198FF2C1B8}.Release|Any CPU.ActiveCfg = Release|Any CPU
		{160ACDF8-A0C6-4BA5-8A72-CD198FF2C1B8}.Release|Any CPU.Build.0 = Release|Any CPU
		{7C414A3C-D685-4A07-BF87-68B0D9CDE73B}.Debug|Any CPU.ActiveCfg = Debug|Any CPU
		{7C414A3C-D685-4A07-BF87-68B0D9CDE73B}.Debug|Any CPU.Build.0 = Debug|Any CPU
		{7C414A3C-D685-4A07-BF87-68B0D9CDE73B}.Release|Any CPU.ActiveCfg = Release|Any CPU
		{7C414A3C-D685-4A07-BF87-68B0D9CDE73B}.Release|Any CPU.Build.0 = Release|Any CPU
		{64050E3E-21A2-43B5-AD24-6CC6E5C33482}.Debug|Any CPU.ActiveCfg = Debug|Any CPU
		{64050E3E-21A2-43B5-AD24-6CC6E5C33482}.Debug|Any CPU.Build.0 = Debug|Any CPU
		{64050E3E-21A2-43B5-AD24-6CC6E5C33482}.Release|Any CPU.ActiveCfg = Release|Any CPU
		{64050E3E-21A2-43B5-AD24-6CC6E5C33482}.Release|Any CPU.Build.0 = Release|Any CPU
		{64A67A99-772A-44E9-8FD1-29C5F4C6937C}.Debug|Any CPU.ActiveCfg = Debug|Any CPU
		{64A67A99-772A-44E9-8FD1-29C5F4C6937C}.Debug|Any CPU.Build.0 = Debug|Any CPU
		{64A67A99-772A-44E9-8FD1-29C5F4C6937C}.Release|Any CPU.ActiveCfg = Release|Any CPU
		{64A67A99-772A-44E9-8FD1-29C5F4C6937C}.Release|Any CPU.Build.0 = Release|Any CPU
		{0744F4B6-0C1E-4E6F-ABBC-55DFD5FD0D91}.Debug|Any CPU.ActiveCfg = Debug|Any CPU
		{0744F4B6-0C1E-4E6F-ABBC-55DFD5FD0D91}.Debug|Any CPU.Build.0 = Debug|Any CPU
		{0744F4B6-0C1E-4E6F-ABBC-55DFD5FD0D91}.Release|Any CPU.ActiveCfg = Release|Any CPU
		{0744F4B6-0C1E-4E6F-ABBC-55DFD5FD0D91}.Release|Any CPU.Build.0 = Release|Any CPU
		{EA0C4B80-2069-4EF6-A80C-6C6B4B24A914}.Debug|Any CPU.ActiveCfg = Debug|Any CPU
		{EA0C4B80-2069-4EF6-A80C-6C6B4B24A914}.Debug|Any CPU.Build.0 = Debug|Any CPU
		{EA0C4B80-2069-4EF6-A80C-6C6B4B24A914}.Release|Any CPU.ActiveCfg = Release|Any CPU
		{EA0C4B80-2069-4EF6-A80C-6C6B4B24A914}.Release|Any CPU.Build.0 = Release|Any CPU
		{1CC49331-A213-4CBC-A0BA-F6B42DB441B1}.Debug|Any CPU.ActiveCfg = Debug|Any CPU
		{1CC49331-A213-4CBC-A0BA-F6B42DB441B1}.Debug|Any CPU.Build.0 = Debug|Any CPU
		{1CC49331-A213-4CBC-A0BA-F6B42DB441B1}.Release|Any CPU.ActiveCfg = Release|Any CPU
		{1CC49331-A213-4CBC-A0BA-F6B42DB441B1}.Release|Any CPU.Build.0 = Release|Any CPU
		{336D358F-A647-4DEC-93AC-1D9791FEFD81}.Debug|Any CPU.ActiveCfg = Debug|Any CPU
		{336D358F-A647-4DEC-93AC-1D9791FEFD81}.Debug|Any CPU.Build.0 = Debug|Any CPU
		{336D358F-A647-4DEC-93AC-1D9791FEFD81}.Release|Any CPU.ActiveCfg = Release|Any CPU
		{336D358F-A647-4DEC-93AC-1D9791FEFD81}.Release|Any CPU.Build.0 = Release|Any CPU
		{5DA5C590-D175-449E-BF0D-64A1662BDED5}.Debug|Any CPU.ActiveCfg = Debug|Any CPU
		{5DA5C590-D175-449E-BF0D-64A1662BDED5}.Debug|Any CPU.Build.0 = Debug|Any CPU
		{5DA5C590-D175-449E-BF0D-64A1662BDED5}.Release|Any CPU.ActiveCfg = Release|Any CPU
		{5DA5C590-D175-449E-BF0D-64A1662BDED5}.Release|Any CPU.Build.0 = Release|Any CPU
		{3B3F8677-B30C-4EF6-80E7-D34CD12A7209}.Debug|Any CPU.ActiveCfg = Debug|Any CPU
		{3B3F8677-B30C-4EF6-80E7-D34CD12A7209}.Debug|Any CPU.Build.0 = Debug|Any CPU
		{3B3F8677-B30C-4EF6-80E7-D34CD12A7209}.Release|Any CPU.ActiveCfg = Release|Any CPU
		{3B3F8677-B30C-4EF6-80E7-D34CD12A7209}.Release|Any CPU.Build.0 = Release|Any CPU
		{E5CA2AD5-7692-4C47-A2F3-73865CBD7A36}.Debug|Any CPU.ActiveCfg = Debug|Any CPU
		{E5CA2AD5-7692-4C47-A2F3-73865CBD7A36}.Debug|Any CPU.Build.0 = Debug|Any CPU
		{E5CA2AD5-7692-4C47-A2F3-73865CBD7A36}.Release|Any CPU.ActiveCfg = Release|Any CPU
		{E5CA2AD5-7692-4C47-A2F3-73865CBD7A36}.Release|Any CPU.Build.0 = Release|Any CPU
	EndGlobalSection
	GlobalSection(SolutionProperties) = preSolution
		HideSolutionNode = FALSE
	EndGlobalSection
	GlobalSection(NestedProjects) = preSolution
		{524F66CA-76DE-4483-8618-B337C3369269} = {7D2ECB8A-2552-4054-8AD0-035F16BD8D00}
		{17F1AF3D-E657-43F4-96BE-2E68202FFDCA} = {CC6198D4-810C-44CC-BF34-0F13712C9C4A}
		{CEDCFAC8-B07B-4618-9DA6-85C4B587A40F} = {CC6198D4-810C-44CC-BF34-0F13712C9C4A}
		{99095E64-FF9C-4EA5-BB32-CF2ED2A82D78} = {CC6198D4-810C-44CC-BF34-0F13712C9C4A}
		{7D2ECB8A-2552-4054-8AD0-035F16BD8D00} = {9A5F1354-5014-45A9-B36C-46213083940F}
		{CC6198D4-810C-44CC-BF34-0F13712C9C4A} = {9A5F1354-5014-45A9-B36C-46213083940F}
		{BF814D42-C33C-4C27-83C3-92948379247D} = {9A5F1354-5014-45A9-B36C-46213083940F}
		{923C5AEB-329C-40AE-855E-7338FC12034C} = {9A5F1354-5014-45A9-B36C-46213083940F}
		{160ACDF8-A0C6-4BA5-8A72-CD198FF2C1B8} = {BF814D42-C33C-4C27-83C3-92948379247D}
		{7C414A3C-D685-4A07-BF87-68B0D9CDE73B} = {BF814D42-C33C-4C27-83C3-92948379247D}
		{64050E3E-21A2-43B5-AD24-6CC6E5C33482} = {BF814D42-C33C-4C27-83C3-92948379247D}
		{64A67A99-772A-44E9-8FD1-29C5F4C6937C} = {BF814D42-C33C-4C27-83C3-92948379247D}
		{0744F4B6-0C1E-4E6F-ABBC-55DFD5FD0D91} = {7D2ECB8A-2552-4054-8AD0-035F16BD8D00}
		{EA0C4B80-2069-4EF6-A80C-6C6B4B24A914} = {A39A0060-B6D1-40FE-87C0-45B7094D9018}
		{1CC49331-A213-4CBC-A0BA-F6B42DB441B1} = {A39A0060-B6D1-40FE-87C0-45B7094D9018}
		{336D358F-A647-4DEC-93AC-1D9791FEFD81} = {20E2BAC9-8D60-49FE-8B37-E333DFB722BD}
		{5DA5C590-D175-449E-BF0D-64A1662BDED5} = {20E2BAC9-8D60-49FE-8B37-E333DFB722BD}
		{25E894A6-AA90-40A9-8CB4-C285D4124E9E} = {50B0F5A4-D441-4613-9757-69FD0EC63FA3}
		{4848C8C3-31C3-43D4-8BDB-9D15EC294CBA} = {50B0F5A4-D441-4613-9757-69FD0EC63FA3}
		{3B3F8677-B30C-4EF6-80E7-D34CD12A7209} = {4848C8C3-31C3-43D4-8BDB-9D15EC294CBA}
		{E5CA2AD5-7692-4C47-A2F3-73865CBD7A36} = {25E894A6-AA90-40A9-8CB4-C285D4124E9E}
	EndGlobalSection
	GlobalSection(ExtensibilityGlobals) = postSolution
		SolutionGuid = {3B767A77-6A75-4AD4-B357-8009BBD35E9B}
	EndGlobalSection
EndGlobal
